// !$*UTF8*$!
{
	archiveVersion = 1;
	classes = {
	};
	objectVersion = 50;
	objects = {

/* Begin PBXBuildFile section */
		1D04AB011B558138D6D8B085 /* Pods_Notes_AppTests.framework in Frameworks */ = {isa = PBXBuildFile; fileRef = E468C3426735A014F6EDC4BE /* Pods_Notes_AppTests.framework */; };
		5FB1E557B8001E1A56141C46 /* Pods_Notes_App.framework in Frameworks */ = {isa = PBXBuildFile; fileRef = EE7F28825C92A926E7455431 /* Pods_Notes_App.framework */; };
		71B4B61E08A066F9AAB62E15 /* Pods_Notes_AppUITests.framework in Frameworks */ = {isa = PBXBuildFile; fileRef = EB44B6E61CD3CA3915A94794 /* Pods_Notes_AppUITests.framework */; };
		C42215ED219E3BAC000660DF /* AppDelegate.swift in Sources */ = {isa = PBXBuildFile; fileRef = C42215EC219E3BAC000660DF /* AppDelegate.swift */; };
		C42215F2219E3BAC000660DF /* Main.storyboard in Resources */ = {isa = PBXBuildFile; fileRef = C42215F0219E3BAC000660DF /* Main.storyboard */; };
		C42215F4219E3BBB000660DF /* Assets.xcassets in Resources */ = {isa = PBXBuildFile; fileRef = C42215F3219E3BBB000660DF /* Assets.xcassets */; };
		C42215F7219E3BBB000660DF /* LaunchScreen.storyboard in Resources */ = {isa = PBXBuildFile; fileRef = C42215F5219E3BBB000660DF /* LaunchScreen.storyboard */; };
		C4221602219E3BBD000660DF /* Notes_AppTests.swift in Sources */ = {isa = PBXBuildFile; fileRef = C4221601219E3BBD000660DF /* Notes_AppTests.swift */; };
		C422160D219E3BBD000660DF /* Notes_AppUITests.swift in Sources */ = {isa = PBXBuildFile; fileRef = C422160C219E3BBD000660DF /* Notes_AppUITests.swift */; };
		C44A0762219F75930024261A /* LoginViewController.swift in Sources */ = {isa = PBXBuildFile; fileRef = C44A0761219F75930024261A /* LoginViewController.swift */; };
		C44A0766219F77F00024261A /* EditViewController.swift in Sources */ = {isa = PBXBuildFile; fileRef = C44A0765219F77F00024261A /* EditViewController.swift */; };
		C44A0768219F796A0024261A /* NoteTableViewCell.swift in Sources */ = {isa = PBXBuildFile; fileRef = C44A0767219F796A0024261A /* NoteTableViewCell.swift */; };
		C44A076A219F7CAC0024261A /* ListViewController.swift in Sources */ = {isa = PBXBuildFile; fileRef = C44A0769219F7CAC0024261A /* ListViewController.swift */; };
		C4A38F3221A200FD00382917 /* GoogleService-Info.plist in Resources */ = {isa = PBXBuildFile; fileRef = C4A38F3121A200FD00382917 /* GoogleService-Info.plist */; };
/* End PBXBuildFile section */

/* Begin PBXContainerItemProxy section */
		C42215FE219E3BBD000660DF /* PBXContainerItemProxy */ = {
			isa = PBXContainerItemProxy;
			containerPortal = C42215E1219E3BAB000660DF /* Project object */;
			proxyType = 1;
			remoteGlobalIDString = C42215E8219E3BAB000660DF;
			remoteInfo = "Notes App";
		};
		C4221609219E3BBD000660DF /* PBXContainerItemProxy */ = {
			isa = PBXContainerItemProxy;
			containerPortal = C42215E1219E3BAB000660DF /* Project object */;
			proxyType = 1;
			remoteGlobalIDString = C42215E8219E3BAB000660DF;
			remoteInfo = "Notes App";
		};
/* End PBXContainerItemProxy section */

/* Begin PBXFileReference section */
		26AF5DD07A432FCA1C546259 /* Pods-Notes AppTests.debug.xcconfig */ = {isa = PBXFileReference; includeInIndex = 1; lastKnownFileType = text.xcconfig; name = "Pods-Notes AppTests.debug.xcconfig"; path = "Pods/Target Support Files/Pods-Notes AppTests/Pods-Notes AppTests.debug.xcconfig"; sourceTree = "<group>"; };
		3F24576CFBC3FFE1A508AB65 /* Pods-Notes AppUITests.debug.xcconfig */ = {isa = PBXFileReference; includeInIndex = 1; lastKnownFileType = text.xcconfig; name = "Pods-Notes AppUITests.debug.xcconfig"; path = "Pods/Target Support Files/Pods-Notes AppUITests/Pods-Notes AppUITests.debug.xcconfig"; sourceTree = "<group>"; };
		B4F0BF4123E2D429A5CC1FE1 /* Pods-Notes AppTests.release.xcconfig */ = {isa = PBXFileReference; includeInIndex = 1; lastKnownFileType = text.xcconfig; name = "Pods-Notes AppTests.release.xcconfig"; path = "Pods/Target Support Files/Pods-Notes AppTests/Pods-Notes AppTests.release.xcconfig"; sourceTree = "<group>"; };
		C42215E9219E3BAC000660DF /* Notes App.app */ = {isa = PBXFileReference; explicitFileType = wrapper.application; includeInIndex = 0; path = "Notes App.app"; sourceTree = BUILT_PRODUCTS_DIR; };
		C42215EC219E3BAC000660DF /* AppDelegate.swift */ = {isa = PBXFileReference; lastKnownFileType = sourcecode.swift; path = AppDelegate.swift; sourceTree = "<group>"; };
		C42215F1219E3BAC000660DF /* Base */ = {isa = PBXFileReference; lastKnownFileType = file.storyboard; name = Base; path = Base.lproj/Main.storyboard; sourceTree = "<group>"; };
		C42215F3219E3BBB000660DF /* Assets.xcassets */ = {isa = PBXFileReference; lastKnownFileType = folder.assetcatalog; path = Assets.xcassets; sourceTree = "<group>"; };
		C42215F6219E3BBB000660DF /* Base */ = {isa = PBXFileReference; lastKnownFileType = file.storyboard; name = Base; path = Base.lproj/LaunchScreen.storyboard; sourceTree = "<group>"; };
		C42215F8219E3BBB000660DF /* Info.plist */ = {isa = PBXFileReference; lastKnownFileType = text.plist.xml; path = Info.plist; sourceTree = "<group>"; };
		C42215FD219E3BBD000660DF /* Notes AppTests.xctest */ = {isa = PBXFileReference; explicitFileType = wrapper.cfbundle; includeInIndex = 0; path = "Notes AppTests.xctest"; sourceTree = BUILT_PRODUCTS_DIR; };
		C4221601219E3BBD000660DF /* Notes_AppTests.swift */ = {isa = PBXFileReference; lastKnownFileType = sourcecode.swift; path = Notes_AppTests.swift; sourceTree = "<group>"; };
		C4221603219E3BBD000660DF /* Info.plist */ = {isa = PBXFileReference; lastKnownFileType = text.plist.xml; path = Info.plist; sourceTree = "<group>"; };
		C4221608219E3BBD000660DF /* Notes AppUITests.xctest */ = {isa = PBXFileReference; explicitFileType = wrapper.cfbundle; includeInIndex = 0; path = "Notes AppUITests.xctest"; sourceTree = BUILT_PRODUCTS_DIR; };
		C422160C219E3BBD000660DF /* Notes_AppUITests.swift */ = {isa = PBXFileReference; lastKnownFileType = sourcecode.swift; path = Notes_AppUITests.swift; sourceTree = "<group>"; };
		C422160E219E3BBD000660DF /* Info.plist */ = {isa = PBXFileReference; lastKnownFileType = text.plist.xml; path = Info.plist; sourceTree = "<group>"; };
		C44A0761219F75930024261A /* LoginViewController.swift */ = {isa = PBXFileReference; lastKnownFileType = sourcecode.swift; path = LoginViewController.swift; sourceTree = "<group>"; };
		C44A0765219F77F00024261A /* EditViewController.swift */ = {isa = PBXFileReference; lastKnownFileType = sourcecode.swift; path = EditViewController.swift; sourceTree = "<group>"; };
		C44A0767219F796A0024261A /* NoteTableViewCell.swift */ = {isa = PBXFileReference; lastKnownFileType = sourcecode.swift; path = NoteTableViewCell.swift; sourceTree = "<group>"; };
		C44A0769219F7CAC0024261A /* ListViewController.swift */ = {isa = PBXFileReference; lastKnownFileType = sourcecode.swift; path = ListViewController.swift; sourceTree = "<group>"; };
		C4A38F3121A200FD00382917 /* GoogleService-Info.plist */ = {isa = PBXFileReference; fileEncoding = 4; lastKnownFileType = text.plist.xml; name = "GoogleService-Info.plist"; path = "../../../Downloads/GoogleService-Info.plist"; sourceTree = "<group>"; };
		D5401EECC6CC080794508B3F /* Pods-Notes AppUITests.release.xcconfig */ = {isa = PBXFileReference; includeInIndex = 1; lastKnownFileType = text.xcconfig; name = "Pods-Notes AppUITests.release.xcconfig"; path = "Pods/Target Support Files/Pods-Notes AppUITests/Pods-Notes AppUITests.release.xcconfig"; sourceTree = "<group>"; };
		E468C3426735A014F6EDC4BE /* Pods_Notes_AppTests.framework */ = {isa = PBXFileReference; explicitFileType = wrapper.framework; includeInIndex = 0; path = Pods_Notes_AppTests.framework; sourceTree = BUILT_PRODUCTS_DIR; };
		EB44B6E61CD3CA3915A94794 /* Pods_Notes_AppUITests.framework */ = {isa = PBXFileReference; explicitFileType = wrapper.framework; includeInIndex = 0; path = Pods_Notes_AppUITests.framework; sourceTree = BUILT_PRODUCTS_DIR; };
		EE7F28825C92A926E7455431 /* Pods_Notes_App.framework */ = {isa = PBXFileReference; explicitFileType = wrapper.framework; includeInIndex = 0; path = Pods_Notes_App.framework; sourceTree = BUILT_PRODUCTS_DIR; };
		F391541183699DA0E9CD0A7A /* Pods-Notes App.debug.xcconfig */ = {isa = PBXFileReference; includeInIndex = 1; lastKnownFileType = text.xcconfig; name = "Pods-Notes App.debug.xcconfig"; path = "Pods/Target Support Files/Pods-Notes App/Pods-Notes App.debug.xcconfig"; sourceTree = "<group>"; };
		FB8637483B373890087637F2 /* Pods-Notes App.release.xcconfig */ = {isa = PBXFileReference; includeInIndex = 1; lastKnownFileType = text.xcconfig; name = "Pods-Notes App.release.xcconfig"; path = "Pods/Target Support Files/Pods-Notes App/Pods-Notes App.release.xcconfig"; sourceTree = "<group>"; };
/* End PBXFileReference section */

/* Begin PBXFrameworksBuildPhase section */
		C42215E6219E3BAB000660DF /* Frameworks */ = {
			isa = PBXFrameworksBuildPhase;
			buildActionMask = 2147483647;
			files = (
				5FB1E557B8001E1A56141C46 /* Pods_Notes_App.framework in Frameworks */,
			);
			runOnlyForDeploymentPostprocessing = 0;
		};
		C42215FA219E3BBD000660DF /* Frameworks */ = {
			isa = PBXFrameworksBuildPhase;
			buildActionMask = 2147483647;
			files = (
				1D04AB011B558138D6D8B085 /* Pods_Notes_AppTests.framework in Frameworks */,
			);
			runOnlyForDeploymentPostprocessing = 0;
		};
		C4221605219E3BBD000660DF /* Frameworks */ = {
			isa = PBXFrameworksBuildPhase;
			buildActionMask = 2147483647;
			files = (
				71B4B61E08A066F9AAB62E15 /* Pods_Notes_AppUITests.framework in Frameworks */,
			);
			runOnlyForDeploymentPostprocessing = 0;
		};
/* End PBXFrameworksBuildPhase section */

/* Begin PBXGroup section */
		531E3A495F30ECDD44FD75FF /* Frameworks */ = {
			isa = PBXGroup;
			children = (
				EE7F28825C92A926E7455431 /* Pods_Notes_App.framework */,
				E468C3426735A014F6EDC4BE /* Pods_Notes_AppTests.framework */,
				EB44B6E61CD3CA3915A94794 /* Pods_Notes_AppUITests.framework */,
			);
			name = Frameworks;
			sourceTree = "<group>";
		};
		5FFB6645E48B5684BC6B0EEE /* Pods */ = {
			isa = PBXGroup;
			children = (
				F391541183699DA0E9CD0A7A /* Pods-Notes App.debug.xcconfig */,
				FB8637483B373890087637F2 /* Pods-Notes App.release.xcconfig */,
				26AF5DD07A432FCA1C546259 /* Pods-Notes AppTests.debug.xcconfig */,
				B4F0BF4123E2D429A5CC1FE1 /* Pods-Notes AppTests.release.xcconfig */,
				3F24576CFBC3FFE1A508AB65 /* Pods-Notes AppUITests.debug.xcconfig */,
				D5401EECC6CC080794508B3F /* Pods-Notes AppUITests.release.xcconfig */,
			);
			name = Pods;
			sourceTree = "<group>";
		};
		C42215E0219E3BAB000660DF = {
			isa = PBXGroup;
			children = (
				C4DD68EB21A099BB006C3B53 /* Views */,
				C4DD68EA21A099AA006C3B53 /* View Controllers */,
				C42215EB219E3BAC000660DF /* Notes App */,
				C4221600219E3BBD000660DF /* Notes AppTests */,
				C422160B219E3BBD000660DF /* Notes AppUITests */,
				C42215EA219E3BAC000660DF /* Products */,
				5FFB6645E48B5684BC6B0EEE /* Pods */,
				531E3A495F30ECDD44FD75FF /* Frameworks */,
			);
			sourceTree = "<group>";
		};
		C42215EA219E3BAC000660DF /* Products */ = {
			isa = PBXGroup;
			children = (
				C42215E9219E3BAC000660DF /* Notes App.app */,
				C42215FD219E3BBD000660DF /* Notes AppTests.xctest */,
				C4221608219E3BBD000660DF /* Notes AppUITests.xctest */,
			);
			name = Products;
			sourceTree = "<group>";
		};
		C42215EB219E3BAC000660DF /* Notes App */ = {
			isa = PBXGroup;
			children = (
				C42215EC219E3BAC000660DF /* AppDelegate.swift */,
				C42215F0219E3BAC000660DF /* Main.storyboard */,
				C42215F5219E3BBB000660DF /* LaunchScreen.storyboard */,
				C42215F3219E3BBB000660DF /* Assets.xcassets */,
				C42215F8219E3BBB000660DF /* Info.plist */,
			);
			path = "Notes App";
			sourceTree = "<group>";
		};
		C4221600219E3BBD000660DF /* Notes AppTests */ = {
			isa = PBXGroup;
			children = (
				C4221601219E3BBD000660DF /* Notes_AppTests.swift */,
				C4221603219E3BBD000660DF /* Info.plist */,
			);
			path = "Notes AppTests";
			sourceTree = "<group>";
		};
		C422160B219E3BBD000660DF /* Notes AppUITests */ = {
			isa = PBXGroup;
			children = (
				C422160C219E3BBD000660DF /* Notes_AppUITests.swift */,
				C422160E219E3BBD000660DF /* Info.plist */,
				C4A38F3121A200FD00382917 /* GoogleService-Info.plist */,
			);
			path = "Notes AppUITests";
			sourceTree = "<group>";
		};
		C4DD68EA21A099AA006C3B53 /* View Controllers */ = {
			isa = PBXGroup;
			children = (
				C44A0761219F75930024261A /* LoginViewController.swift */,
				C44A0769219F7CAC0024261A /* ListViewController.swift */,
				C44A0765219F77F00024261A /* EditViewController.swift */,
			);
			path = "View Controllers";
			sourceTree = "<group>";
		};
		C4DD68EB21A099BB006C3B53 /* Views */ = {
			isa = PBXGroup;
			children = (
				C44A0767219F796A0024261A /* NoteTableViewCell.swift */,
			);
			path = Views;
			sourceTree = "<group>";
		};
/* End PBXGroup section */

/* Begin PBXNativeTarget section */
		C42215E8219E3BAB000660DF /* Notes App */ = {
			isa = PBXNativeTarget;
			buildConfigurationList = C4221611219E3BBD000660DF /* Build configuration list for PBXNativeTarget "Notes App" */;
			buildPhases = (
				F92387CE825BAF11F721AAA8 /* [CP] Check Pods Manifest.lock */,
				C42215E5219E3BAB000660DF /* Sources */,
				C42215E6219E3BAB000660DF /* Frameworks */,
				C42215E7219E3BAB000660DF /* Resources */,
				1F53FC2E5C20D2ABBD59AB15 /* [CP] Embed Pods Frameworks */,
			);
			buildRules = (
			);
			dependencies = (
			);
			name = "Notes App";
			productName = "Notes App";
			productReference = C42215E9219E3BAC000660DF /* Notes App.app */;
			productType = "com.apple.product-type.application";
		};
		C42215FC219E3BBD000660DF /* Notes AppTests */ = {
			isa = PBXNativeTarget;
			buildConfigurationList = C4221614219E3BBD000660DF /* Build configuration list for PBXNativeTarget "Notes AppTests" */;
			buildPhases = (
				440970D608D9B5434D239B93 /* [CP] Check Pods Manifest.lock */,
				C42215F9219E3BBD000660DF /* Sources */,
				C42215FA219E3BBD000660DF /* Frameworks */,
				C42215FB219E3BBD000660DF /* Resources */,
			);
			buildRules = (
			);
			dependencies = (
				C42215FF219E3BBD000660DF /* PBXTargetDependency */,
			);
			name = "Notes AppTests";
			productName = "Notes AppTests";
			productReference = C42215FD219E3BBD000660DF /* Notes AppTests.xctest */;
			productType = "com.apple.product-type.bundle.unit-test";
		};
		C4221607219E3BBD000660DF /* Notes AppUITests */ = {
			isa = PBXNativeTarget;
			buildConfigurationList = C4221617219E3BBD000660DF /* Build configuration list for PBXNativeTarget "Notes AppUITests" */;
			buildPhases = (
				F1157053EBC9B36B886A63C4 /* [CP] Check Pods Manifest.lock */,
				C4221604219E3BBD000660DF /* Sources */,
				C4221605219E3BBD000660DF /* Frameworks */,
				C4221606219E3BBD000660DF /* Resources */,
			);
			buildRules = (
			);
			dependencies = (
				C422160A219E3BBD000660DF /* PBXTargetDependency */,
			);
			name = "Notes AppUITests";
			productName = "Notes AppUITests";
			productReference = C4221608219E3BBD000660DF /* Notes AppUITests.xctest */;
			productType = "com.apple.product-type.bundle.ui-testing";
		};
/* End PBXNativeTarget section */

/* Begin PBXProject section */
		C42215E1219E3BAB000660DF /* Project object */ = {
			isa = PBXProject;
			attributes = {
				LastSwiftUpdateCheck = 0940;
				LastUpgradeCheck = 0940;
				ORGANIZATIONNAME = "Julia Molian Li";
				TargetAttributes = {
					C42215E8219E3BAB000660DF = {
						CreatedOnToolsVersion = 9.4.1;
					};
					C42215FC219E3BBD000660DF = {
						CreatedOnToolsVersion = 9.4.1;
						TestTargetID = C42215E8219E3BAB000660DF;
					};
					C4221607219E3BBD000660DF = {
						CreatedOnToolsVersion = 9.4.1;
						TestTargetID = C42215E8219E3BAB000660DF;
					};
				};
			};
			buildConfigurationList = C42215E4219E3BAB000660DF /* Build configuration list for PBXProject "Notes App" */;
			compatibilityVersion = "Xcode 9.3";
			developmentRegion = en;
			hasScannedForEncodings = 0;
			knownRegions = (
				en,
				Base,
			);
			mainGroup = C42215E0219E3BAB000660DF;
			productRefGroup = C42215EA219E3BAC000660DF /* Products */;
			projectDirPath = "";
			projectRoot = "";
			targets = (
				C42215E8219E3BAB000660DF /* Notes App */,
				C42215FC219E3BBD000660DF /* Notes AppTests */,
				C4221607219E3BBD000660DF /* Notes AppUITests */,
			);
		};
/* End PBXProject section */

/* Begin PBXResourcesBuildPhase section */
		C42215E7219E3BAB000660DF /* Resources */ = {
			isa = PBXResourcesBuildPhase;
			buildActionMask = 2147483647;
			files = (
				C42215F7219E3BBB000660DF /* LaunchScreen.storyboard in Resources */,
				C42215F4219E3BBB000660DF /* Assets.xcassets in Resources */,
				C42215F2219E3BAC000660DF /* Main.storyboard in Resources */,
			);
			runOnlyForDeploymentPostprocessing = 0;
		};
		C42215FB219E3BBD000660DF /* Resources */ = {
			isa = PBXResourcesBuildPhase;
			buildActionMask = 2147483647;
			files = (
			);
			runOnlyForDeploymentPostprocessing = 0;
		};
		C4221606219E3BBD000660DF /* Resources */ = {
			isa = PBXResourcesBuildPhase;
			buildActionMask = 2147483647;
			files = (
				C4A38F3221A200FD00382917 /* GoogleService-Info.plist in Resources */,
			);
			runOnlyForDeploymentPostprocessing = 0;
		};
/* End PBXResourcesBuildPhase section */

/* Begin PBXShellScriptBuildPhase section */
		1F53FC2E5C20D2ABBD59AB15 /* [CP] Embed Pods Frameworks */ = {
			isa = PBXShellScriptBuildPhase;
			buildActionMask = 2147483647;
			files = (
			);
			inputFileListPaths = (
			);
			inputPaths = (
				"${SRCROOT}/Pods/Target Support Files/Pods-Notes App/Pods-Notes App-frameworks.sh",
				"${BUILT_PRODUCTS_DIR}/GoogleToolboxForMac/GoogleToolboxForMac.framework",
				"${BUILT_PRODUCTS_DIR}/leveldb-library/leveldb.framework",
				"${BUILT_PRODUCTS_DIR}/nanopb/nanopb.framework",
			);
			name = "[CP] Embed Pods Frameworks";
			outputFileListPaths = (
			);
			outputPaths = (
				"${TARGET_BUILD_DIR}/${FRAMEWORKS_FOLDER_PATH}/GoogleToolboxForMac.framework",
				"${TARGET_BUILD_DIR}/${FRAMEWORKS_FOLDER_PATH}/leveldb.framework",
				"${TARGET_BUILD_DIR}/${FRAMEWORKS_FOLDER_PATH}/nanopb.framework",
			);
			runOnlyForDeploymentPostprocessing = 0;
			shellPath = /bin/sh;
			shellScript = "\"${SRCROOT}/Pods/Target Support Files/Pods-Notes App/Pods-Notes App-frameworks.sh\"\n";
			showEnvVarsInLog = 0;
		};
		440970D608D9B5434D239B93 /* [CP] Check Pods Manifest.lock */ = {
			isa = PBXShellScriptBuildPhase;
			buildActionMask = 2147483647;
			files = (
			);
			inputFileListPaths = (
			);
			inputPaths = (
				"${PODS_PODFILE_DIR_PATH}/Podfile.lock",
				"${PODS_ROOT}/Manifest.lock",
			);
			name = "[CP] Check Pods Manifest.lock";
			outputFileListPaths = (
			);
			outputPaths = (
				"$(DERIVED_FILE_DIR)/Pods-Notes AppTests-checkManifestLockResult.txt",
			);
			runOnlyForDeploymentPostprocessing = 0;
			shellPath = /bin/sh;
			shellScript = "diff \"${PODS_PODFILE_DIR_PATH}/Podfile.lock\" \"${PODS_ROOT}/Manifest.lock\" > /dev/null\nif [ $? != 0 ] ; then\n    # print error to STDERR\n    echo \"error: The sandbox is not in sync with the Podfile.lock. Run 'pod install' or update your CocoaPods installation.\" >&2\n    exit 1\nfi\n# This output is used by Xcode 'outputs' to avoid re-running this script phase.\necho \"SUCCESS\" > \"${SCRIPT_OUTPUT_FILE_0}\"\n";
			showEnvVarsInLog = 0;
		};
		F1157053EBC9B36B886A63C4 /* [CP] Check Pods Manifest.lock */ = {
			isa = PBXShellScriptBuildPhase;
			buildActionMask = 2147483647;
			files = (
			);
			inputFileListPaths = (
			);
			inputPaths = (
				"${PODS_PODFILE_DIR_PATH}/Podfile.lock",
				"${PODS_ROOT}/Manifest.lock",
			);
			name = "[CP] Check Pods Manifest.lock";
			outputFileListPaths = (
			);
			outputPaths = (
				"$(DERIVED_FILE_DIR)/Pods-Notes AppUITests-checkManifestLockResult.txt",
			);
			runOnlyForDeploymentPostprocessing = 0;
			shellPath = /bin/sh;
			shellScript = "diff \"${PODS_PODFILE_DIR_PATH}/Podfile.lock\" \"${PODS_ROOT}/Manifest.lock\" > /dev/null\nif [ $? != 0 ] ; then\n    # print error to STDERR\n    echo \"error: The sandbox is not in sync with the Podfile.lock. Run 'pod install' or update your CocoaPods installation.\" >&2\n    exit 1\nfi\n# This output is used by Xcode 'outputs' to avoid re-running this script phase.\necho \"SUCCESS\" > \"${SCRIPT_OUTPUT_FILE_0}\"\n";
			showEnvVarsInLog = 0;
		};
		F92387CE825BAF11F721AAA8 /* [CP] Check Pods Manifest.lock */ = {
			isa = PBXShellScriptBuildPhase;
			buildActionMask = 2147483647;
			files = (
			);
			inputFileListPaths = (
			);
			inputPaths = (
				"${PODS_PODFILE_DIR_PATH}/Podfile.lock",
				"${PODS_ROOT}/Manifest.lock",
			);
			name = "[CP] Check Pods Manifest.lock";
			outputFileListPaths = (
			);
			outputPaths = (
				"$(DERIVED_FILE_DIR)/Pods-Notes App-checkManifestLockResult.txt",
			);
			runOnlyForDeploymentPostprocessing = 0;
			shellPath = /bin/sh;
			shellScript = "diff \"${PODS_PODFILE_DIR_PATH}/Podfile.lock\" \"${PODS_ROOT}/Manifest.lock\" > /dev/null\nif [ $? != 0 ] ; then\n    # print error to STDERR\n    echo \"error: The sandbox is not in sync with the Podfile.lock. Run 'pod install' or update your CocoaPods installation.\" >&2\n    exit 1\nfi\n# This output is used by Xcode 'outputs' to avoid re-running this script phase.\necho \"SUCCESS\" > \"${SCRIPT_OUTPUT_FILE_0}\"\n";
			showEnvVarsInLog = 0;
		};
/* End PBXShellScriptBuildPhase section */

/* Begin PBXSourcesBuildPhase section */
		C42215E5219E3BAB000660DF /* Sources */ = {
			isa = PBXSourcesBuildPhase;
			buildActionMask = 2147483647;
			files = (
				C44A0766219F77F00024261A /* EditViewController.swift in Sources */,
				C44A0762219F75930024261A /* LoginViewController.swift in Sources */,
				C42215ED219E3BAC000660DF /* AppDelegate.swift in Sources */,
				C44A076A219F7CAC0024261A /* ListViewController.swift in Sources */,
				C44A0768219F796A0024261A /* NoteTableViewCell.swift in Sources */,
			);
			runOnlyForDeploymentPostprocessing = 0;
		};
		C42215F9219E3BBD000660DF /* Sources */ = {
			isa = PBXSourcesBuildPhase;
			buildActionMask = 2147483647;
			files = (
				C4221602219E3BBD000660DF /* Notes_AppTests.swift in Sources */,
			);
			runOnlyForDeploymentPostprocessing = 0;
		};
		C4221604219E3BBD000660DF /* Sources */ = {
			isa = PBXSourcesBuildPhase;
			buildActionMask = 2147483647;
			files = (
				C422160D219E3BBD000660DF /* Notes_AppUITests.swift in Sources */,
			);
			runOnlyForDeploymentPostprocessing = 0;
		};
/* End PBXSourcesBuildPhase section */

/* Begin PBXTargetDependency section */
		C42215FF219E3BBD000660DF /* PBXTargetDependency */ = {
			isa = PBXTargetDependency;
			target = C42215E8219E3BAB000660DF /* Notes App */;
			targetProxy = C42215FE219E3BBD000660DF /* PBXContainerItemProxy */;
		};
		C422160A219E3BBD000660DF /* PBXTargetDependency */ = {
			isa = PBXTargetDependency;
			target = C42215E8219E3BAB000660DF /* Notes App */;
			targetProxy = C4221609219E3BBD000660DF /* PBXContainerItemProxy */;
		};
/* End PBXTargetDependency section */

/* Begin PBXVariantGroup section */
		C42215F0219E3BAC000660DF /* Main.storyboard */ = {
			isa = PBXVariantGroup;
			children = (
				C42215F1219E3BAC000660DF /* Base */,
			);
			name = Main.storyboard;
			sourceTree = "<group>";
		};
		C42215F5219E3BBB000660DF /* LaunchScreen.storyboard */ = {
			isa = PBXVariantGroup;
			children = (
				C42215F6219E3BBB000660DF /* Base */,
			);
			name = LaunchScreen.storyboard;
			sourceTree = "<group>";
		};
/* End PBXVariantGroup section */

/* Begin XCBuildConfiguration section */
		C422160F219E3BBD000660DF /* Debug */ = {
			isa = XCBuildConfiguration;
			buildSettings = {
				ALWAYS_SEARCH_USER_PATHS = NO;
				CLANG_ANALYZER_NONNULL = YES;
				CLANG_ANALYZER_NUMBER_OBJECT_CONVERSION = YES_AGGRESSIVE;
				CLANG_CXX_LANGUAGE_STANDARD = "gnu++14";
				CLANG_CXX_LIBRARY = "libc++";
				CLANG_ENABLE_MODULES = YES;
				CLANG_ENABLE_OBJC_ARC = YES;
				CLANG_ENABLE_OBJC_WEAK = YES;
				CLANG_WARN_BLOCK_CAPTURE_AUTORELEASING = YES;
				CLANG_WARN_BOOL_CONVERSION = YES;
				CLANG_WARN_COMMA = YES;
				CLANG_WARN_CONSTANT_CONVERSION = YES;
				CLANG_WARN_DEPRECATED_OBJC_IMPLEMENTATIONS = YES;
				CLANG_WARN_DIRECT_OBJC_ISA_USAGE = YES_ERROR;
				CLANG_WARN_DOCUMENTATION_COMMENTS = YES;
				CLANG_WARN_EMPTY_BODY = YES;
				CLANG_WARN_ENUM_CONVERSION = YES;
				CLANG_WARN_INFINITE_RECURSION = YES;
				CLANG_WARN_INT_CONVERSION = YES;
				CLANG_WARN_NON_LITERAL_NULL_CONVERSION = YES;
				CLANG_WARN_OBJC_IMPLICIT_RETAIN_SELF = YES;
				CLANG_WARN_OBJC_LITERAL_CONVERSION = YES;
				CLANG_WARN_OBJC_ROOT_CLASS = YES_ERROR;
				CLANG_WARN_RANGE_LOOP_ANALYSIS = YES;
				CLANG_WARN_STRICT_PROTOTYPES = YES;
				CLANG_WARN_SUSPICIOUS_MOVE = YES;
				CLANG_WARN_UNGUARDED_AVAILABILITY = YES_AGGRESSIVE;
				CLANG_WARN_UNREACHABLE_CODE = YES;
				CLANG_WARN__DUPLICATE_METHOD_MATCH = YES;
				CODE_SIGN_IDENTITY = "iPhone Developer";
				COPY_PHASE_STRIP = NO;
				DEBUG_INFORMATION_FORMAT = dwarf;
				ENABLE_STRICT_OBJC_MSGSEND = YES;
				ENABLE_TESTABILITY = YES;
				GCC_C_LANGUAGE_STANDARD = gnu11;
				GCC_DYNAMIC_NO_PIC = NO;
				GCC_NO_COMMON_BLOCKS = YES;
				GCC_OPTIMIZATION_LEVEL = 0;
				GCC_PREPROCESSOR_DEFINITIONS = (
					"DEBUG=1",
					"$(inherited)",
				);
				GCC_WARN_64_TO_32_BIT_CONVERSION = YES;
				GCC_WARN_ABOUT_RETURN_TYPE = YES_ERROR;
				GCC_WARN_UNDECLARED_SELECTOR = YES;
				GCC_WARN_UNINITIALIZED_AUTOS = YES_AGGRESSIVE;
				GCC_WARN_UNUSED_FUNCTION = YES;
				GCC_WARN_UNUSED_VARIABLE = YES;
				IPHONEOS_DEPLOYMENT_TARGET = 11.4;
				MTL_ENABLE_DEBUG_INFO = YES;
				ONLY_ACTIVE_ARCH = YES;
				SDKROOT = iphoneos;
				SWIFT_ACTIVE_COMPILATION_CONDITIONS = DEBUG;
				SWIFT_OPTIMIZATION_LEVEL = "-Onone";
			};
			name = Debug;
		};
		C4221610219E3BBD000660DF /* Release */ = {
			isa = XCBuildConfiguration;
			buildSettings = {
				ALWAYS_SEARCH_USER_PATHS = NO;
				CLANG_ANALYZER_NONNULL = YES;
				CLANG_ANALYZER_NUMBER_OBJECT_CONVERSION = YES_AGGRESSIVE;
				CLANG_CXX_LANGUAGE_STANDARD = "gnu++14";
				CLANG_CXX_LIBRARY = "libc++";
				CLANG_ENABLE_MODULES = YES;
				CLANG_ENABLE_OBJC_ARC = YES;
				CLANG_ENABLE_OBJC_WEAK = YES;
				CLANG_WARN_BLOCK_CAPTURE_AUTORELEASING = YES;
				CLANG_WARN_BOOL_CONVERSION = YES;
				CLANG_WARN_COMMA = YES;
				CLANG_WARN_CONSTANT_CONVERSION = YES;
				CLANG_WARN_DEPRECATED_OBJC_IMPLEMENTATIONS = YES;
				CLANG_WARN_DIRECT_OBJC_ISA_USAGE = YES_ERROR;
				CLANG_WARN_DOCUMENTATION_COMMENTS = YES;
				CLANG_WARN_EMPTY_BODY = YES;
				CLANG_WARN_ENUM_CONVERSION = YES;
				CLANG_WARN_INFINITE_RECURSION = YES;
				CLANG_WARN_INT_CONVERSION = YES;
				CLANG_WARN_NON_LITERAL_NULL_CONVERSION = YES;
				CLANG_WARN_OBJC_IMPLICIT_RETAIN_SELF = YES;
				CLANG_WARN_OBJC_LITERAL_CONVERSION = YES;
				CLANG_WARN_OBJC_ROOT_CLASS = YES_ERROR;
				CLANG_WARN_RANGE_LOOP_ANALYSIS = YES;
				CLANG_WARN_STRICT_PROTOTYPES = YES;
				CLANG_WARN_SUSPICIOUS_MOVE = YES;
				CLANG_WARN_UNGUARDED_AVAILABILITY = YES_AGGRESSIVE;
				CLANG_WARN_UNREACHABLE_CODE = YES;
				CLANG_WARN__DUPLICATE_METHOD_MATCH = YES;
				CODE_SIGN_IDENTITY = "iPhone Developer";
				COPY_PHASE_STRIP = NO;
				DEBUG_INFORMATION_FORMAT = "dwarf-with-dsym";
				ENABLE_NS_ASSERTIONS = NO;
				ENABLE_STRICT_OBJC_MSGSEND = YES;
				GCC_C_LANGUAGE_STANDARD = gnu11;
				GCC_NO_COMMON_BLOCKS = YES;
				GCC_WARN_64_TO_32_BIT_CONVERSION = YES;
				GCC_WARN_ABOUT_RETURN_TYPE = YES_ERROR;
				GCC_WARN_UNDECLARED_SELECTOR = YES;
				GCC_WARN_UNINITIALIZED_AUTOS = YES_AGGRESSIVE;
				GCC_WARN_UNUSED_FUNCTION = YES;
				GCC_WARN_UNUSED_VARIABLE = YES;
				IPHONEOS_DEPLOYMENT_TARGET = 11.4;
				MTL_ENABLE_DEBUG_INFO = NO;
				SDKROOT = iphoneos;
				SWIFT_COMPILATION_MODE = wholemodule;
				SWIFT_OPTIMIZATION_LEVEL = "-O";
				VALIDATE_PRODUCT = YES;
			};
			name = Release;
		};
		C4221612219E3BBD000660DF /* Debug */ = {
			isa = XCBuildConfiguration;
			baseConfigurationReference = F391541183699DA0E9CD0A7A /* Pods-Notes App.debug.xcconfig */;
			buildSettings = {
				ASSETCATALOG_COMPILER_APPICON_NAME = AppIcon;
				CODE_SIGN_STYLE = Automatic;
				DEVELOPMENT_TEAM = NW7JNN8RY3;
				INFOPLIST_FILE = "Notes App/Info.plist";
				LD_RUNPATH_SEARCH_PATHS = (
					"$(inherited)",
					"@executable_path/Frameworks",
				);
				PRODUCT_BUNDLE_IDENTIFIER = "Julia.Notes-App";
				PRODUCT_NAME = "$(TARGET_NAME)";
				SWIFT_VERSION = 4.0;
				TARGETED_DEVICE_FAMILY = "1,2";
			};
			name = Debug;
		};
		C4221613219E3BBD000660DF /* Release */ = {
			isa = XCBuildConfiguration;
			baseConfigurationReference = FB8637483B373890087637F2 /* Pods-Notes App.release.xcconfig */;
			buildSettings = {
				ASSETCATALOG_COMPILER_APPICON_NAME = AppIcon;
				CODE_SIGN_STYLE = Automatic;
				DEVELOPMENT_TEAM = NW7JNN8RY3;
				INFOPLIST_FILE = "Notes App/Info.plist";
				LD_RUNPATH_SEARCH_PATHS = (
					"$(inherited)",
					"@executable_path/Frameworks",
				);
				PRODUCT_BUNDLE_IDENTIFIER = "Julia.Notes-App";
				PRODUCT_NAME = "$(TARGET_NAME)";
				SWIFT_VERSION = 4.0;
				TARGETED_DEVICE_FAMILY = "1,2";
			};
			name = Release;
		};
		C4221615219E3BBD000660DF /* Debug */ = {
			isa = XCBuildConfiguration;
			baseConfigurationReference = 26AF5DD07A432FCA1C546259 /* Pods-Notes AppTests.debug.xcconfig */;
			buildSettings = {
				ALWAYS_EMBED_SWIFT_STANDARD_LIBRARIES = YES;
				BUNDLE_LOADER = "$(TEST_HOST)";
				CODE_SIGN_STYLE = Automatic;
				INFOPLIST_FILE = "Notes AppTests/Info.plist";
				LD_RUNPATH_SEARCH_PATHS = (
					"$(inherited)",
					"@executable_path/Frameworks",
					"@loader_path/Frameworks",
				);
				PRODUCT_BUNDLE_IDENTIFIER = "Julia.Notes-AppTests";
				PRODUCT_NAME = "$(TARGET_NAME)";
				SWIFT_VERSION = 4.0;
				TARGETED_DEVICE_FAMILY = "1,2";
				TEST_HOST = "$(BUILT_PRODUCTS_DIR)/Notes App.app/Notes App";
			};
			name = Debug;
		};
		C4221616219E3BBD000660DF /* Release */ = {
			isa = XCBuildConfiguration;
			baseConfigurationReference = B4F0BF4123E2D429A5CC1FE1 /* Pods-Notes AppTests.release.xcconfig */;
			buildSettings = {
				ALWAYS_EMBED_SWIFT_STANDARD_LIBRARIES = YES;
				BUNDLE_LOADER = "$(TEST_HOST)";
				CODE_SIGN_STYLE = Automatic;
				INFOPLIST_FILE = "Notes AppTests/Info.plist";
				LD_RUNPATH_SEARCH_PATHS = (
					"$(inherited)",
					"@executable_path/Frameworks",
					"@loader_path/Frameworks",
				);
				PRODUCT_BUNDLE_IDENTIFIER = "Julia.Notes-AppTests";
				PRODUCT_NAME = "$(TARGET_NAME)";
				SWIFT_VERSION = 4.0;
				TARGETED_DEVICE_FAMILY = "1,2";
				TEST_HOST = "$(BUILT_PRODUCTS_DIR)/Notes App.app/Notes App";
			};
			name = Release;
		};
		C4221618219E3BBD000660DF /* Debug */ = {
			isa = XCBuildConfiguration;
			baseConfigurationReference = 3F24576CFBC3FFE1A508AB65 /* Pods-Notes AppUITests.debug.xcconfig */;
			buildSettings = {
				ALWAYS_EMBED_SWIFT_STANDARD_LIBRARIES = YES;
				CODE_SIGN_STYLE = Automatic;
				INFOPLIST_FILE = "Notes AppUITests/Info.plist";
				LD_RUNPATH_SEARCH_PATHS = (
					"$(inherited)",
					"@executable_path/Frameworks",
					"@loader_path/Frameworks",
				);
				PRODUCT_BUNDLE_IDENTIFIER = "Julia.Notes-AppUITests";
				PRODUCT_NAME = "$(TARGET_NAME)";
				SWIFT_VERSION = 4.0;
				TARGETED_DEVICE_FAMILY = "1,2";
				TEST_TARGET_NAME = "Notes App";
			};
			name = Debug;
		};
		C4221619219E3BBD000660DF /* Release */ = {
			isa = XCBuildConfiguration;
			baseConfigurationReference = D5401EECC6CC080794508B3F /* Pods-Notes AppUITests.release.xcconfig */;
			buildSettings = {
				ALWAYS_EMBED_SWIFT_STANDARD_LIBRARIES = YES;
				CODE_SIGN_STYLE = Automatic;
				INFOPLIST_FILE = "Notes AppUITests/Info.plist";
				LD_RUNPATH_SEARCH_PATHS = (
					"$(inherited)",
					"@executable_path/Frameworks",
					"@loader_path/Frameworks",
				);
				PRODUCT_BUNDLE_IDENTIFIER = "Julia.Notes-AppUITests";
				PRODUCT_NAME = "$(TARGET_NAME)";
				SWIFT_VERSION = 4.0;
				TARGETED_DEVICE_FAMILY = "1,2";
				TEST_TARGET_NAME = "Notes App";
			};
			name = Release;
		};
/* End XCBuildConfiguration section */

/* Begin XCConfigurationList section */
		C42215E4219E3BAB000660DF /* Build configuration list for PBXProject "Notes App" */ = {
			isa = XCConfigurationList;
			buildConfigurations = (
				C422160F219E3BBD000660DF /* Debug */,
				C4221610219E3BBD000660DF /* Release */,
			);
			defaultConfigurationIsVisible = 0;
			defaultConfigurationName = Release;
		};
		C4221611219E3BBD000660DF /* Build configuration list for PBXNativeTarget "Notes App" */ = {
			isa = XCConfigurationList;
			buildConfigurations = (
				C4221612219E3BBD000660DF /* Debug */,
				C4221613219E3BBD000660DF /* Release */,
			);
			defaultConfigurationIsVisible = 0;
			defaultConfigurationName = Release;
		};
		C4221614219E3BBD000660DF /* Build configuration list for PBXNativeTarget "Notes AppTests" */ = {
			isa = XCConfigurationList;
			buildConfigurations = (
				C4221615219E3BBD000660DF /* Debug */,
				C4221616219E3BBD000660DF /* Release */,
			);
			defaultConfigurationIsVisible = 0;
			defaultConfigurationName = Release;
		};
		C4221617219E3BBD000660DF /* Build configuration list for PBXNativeTarget "Notes AppUITests" */ = {
			isa = XCConfigurationList;
			buildConfigurations = (
				C4221618219E3BBD000660DF /* Debug */,
				C4221619219E3BBD000660DF /* Release */,
			);
			defaultConfigurationIsVisible = 0;
			defaultConfigurationName = Release;
		};
/* End XCConfigurationList section */
	};
	rootObject = C42215E1219E3BAB000660DF /* Project object */;
}
